
Microsoft Visual Studio Solution File, Format Version 12.00
# Visual Studio 15
Project("{FAE04EC0-301F-11D3-BF4B-00C04F79EFBC}") = "2D RDR", "Assembly-CSharp.csproj", "{99C35660-FA12-F151-EDCB-D212C1E5810A}"
EndProject
Global
	GlobalSection(SolutionConfigurationPlatforms) = preSolution
		Debug|Any CPU = Debug|Any CPU
		Release|Any CPU = Release|Any CPU
	EndGlobalSection
	GlobalSection(ProjectConfigurationPlatforms) = postSolution
		{99C35660-FA12-F151-EDCB-D212C1E5810A}.Debug|Any CPU.ActiveCfg = Debug|Any CPU
		{99C35660-FA12-F151-EDCB-D212C1E5810A}.Debug|Any CPU.Build.0 = Debug|Any CPU
		{99C35660-FA12-F151-EDCB-D212C1E5810A}.Release|Any CPU.ActiveCfg = Release|Any CPU
		{99C35660-FA12-F151-EDCB-D212C1E5810A}.Release|Any CPU.Build.0 = Release|Any CPU
	EndGlobalSection
	GlobalSection(SolutionProperties) = preSolution
		HideSolutionNode = FALSE
	EndGlobalSection
EndGlobal
