
Microsoft Visual Studio Solution File, Format Version 12.00
# Visual Studio 15
Project("{FAE04EC0-301F-11D3-BF4B-00C04F79EFBC}") = "Brain-Dead-Redemption", "Assembly-CSharp.csproj", "{0A045076-F0C5-ECEB-A5B2-A296A885B5C9}"
EndProject
Global
	GlobalSection(SolutionConfigurationPlatforms) = preSolution
		Debug|Any CPU = Debug|Any CPU
		Release|Any CPU = Release|Any CPU
	EndGlobalSection
	GlobalSection(ProjectConfigurationPlatforms) = postSolution
		{0A045076-F0C5-ECEB-A5B2-A296A885B5C9}.Debug|Any CPU.ActiveCfg = Debug|Any CPU
		{0A045076-F0C5-ECEB-A5B2-A296A885B5C9}.Debug|Any CPU.Build.0 = Debug|Any CPU
		{0A045076-F0C5-ECEB-A5B2-A296A885B5C9}.Release|Any CPU.ActiveCfg = Release|Any CPU
		{0A045076-F0C5-ECEB-A5B2-A296A885B5C9}.Release|Any CPU.Build.0 = Release|Any CPU
	EndGlobalSection
	GlobalSection(SolutionProperties) = preSolution
		HideSolutionNode = FALSE
	EndGlobalSection
EndGlobal
